
Microsoft Visual Studio Solution File, Format Version 12.00
# Visual Studio Version 17
VisualStudioVersion = 17.1.32328.378
MinimumVisualStudioVersion = 10.0.40219.1
Project("{FAE04EC0-301F-11D3-BF4B-00C04F79EFBC}") = "Helther.Server", "Helther\Server\Helther.Server.csproj", "{BB12DD4E-1AD0-455C-94BC-87FF5DFB299A}"
EndProject
Project("{FAE04EC0-301F-11D3-BF4B-00C04F79EFBC}") = "Helther.Client", "Helther\Client\Helther.Client.csproj", "{574943F6-6FD0-47EB-A155-C6706A0C14A4}"
EndProject
Project("{FAE04EC0-301F-11D3-BF4B-00C04F79EFBC}") = "Helther.Shared", "Helther\Shared\Helther.Shared.csproj", "{6337A099-05E6-4DAE-A17F-49788A4FCFE7}"
EndProject
Global
	GlobalSection(SolutionConfigurationPlatforms) = preSolution
		Debug|Any CPU = Debug|Any CPU
		Release|Any CPU = Release|Any CPU
	EndGlobalSection
	GlobalSection(ProjectConfigurationPlatforms) = postSolution
		{BB12DD4E-1AD0-455C-94BC-87FF5DFB299A}.Debug|Any CPU.ActiveCfg = Debug|Any CPU
		{BB12DD4E-1AD0-455C-94BC-87FF5DFB299A}.Debug|Any CPU.Build.0 = Debug|Any CPU
		{BB12DD4E-1AD0-455C-94BC-87FF5DFB299A}.Release|Any CPU.ActiveCfg = Release|Any CPU
		{BB12DD4E-1AD0-455C-94BC-87FF5DFB299A}.Release|Any CPU.Build.0 = Release|Any CPU
		{574943F6-6FD0-47EB-A155-C6706A0C14A4}.Debug|Any CPU.ActiveCfg = Debug|Any CPU
		{574943F6-6FD0-47EB-A155-C6706A0C14A4}.Debug|Any CPU.Build.0 = Debug|Any CPU
		{574943F6-6FD0-47EB-A155-C6706A0C14A4}.Release|Any CPU.ActiveCfg = Release|Any CPU
		{574943F6-6FD0-47EB-A155-C6706A0C14A4}.Release|Any CPU.Build.0 = Release|Any CPU
		{6337A099-05E6-4DAE-A17F-49788A4FCFE7}.Debug|Any CPU.ActiveCfg = Debug|Any CPU
		{6337A099-05E6-4DAE-A17F-49788A4FCFE7}.Debug|Any CPU.Build.0 = Debug|Any CPU
		{6337A099-05E6-4DAE-A17F-49788A4FCFE7}.Release|Any CPU.ActiveCfg = Release|Any CPU
		{6337A099-05E6-4DAE-A17F-49788A4FCFE7}.Release|Any CPU.Build.0 = Release|Any CPU
	EndGlobalSection
	GlobalSection(SolutionProperties) = preSolution
		HideSolutionNode = FALSE
	EndGlobalSection
	GlobalSection(ExtensibilityGlobals) = postSolution
		SolutionGuid = {C34EF06C-A442-443F-BAE3-7ED4390F9145}
	EndGlobalSection
EndGlobal
